// !$*UTF8*$!
{
	archiveVersion = 1;
	classes = {
	};
	objectVersion = 50;
	objects = {

/* Begin PBXBuildFile section */
		05281681251E70DC00DCDAD9 /* Breed.swift in Sources */ = {isa = PBXBuildFile; fileRef = 05281680251E70DC00DCDAD9 /* Breed.swift */; };
		05281683251E712800DCDAD9 /* NetworkCatsManager.swift in Sources */ = {isa = PBXBuildFile; fileRef = 05281682251E712800DCDAD9 /* NetworkCatsManager.swift */; };
		05281685251E716100DCDAD9 /* Constant.swift in Sources */ = {isa = PBXBuildFile; fileRef = 05281684251E716100DCDAD9 /* Constant.swift */; };
		05665899251F792900BE8E4F /* MainGamesViewController.swift in Sources */ = {isa = PBXBuildFile; fileRef = 05665898251F792900BE8E4F /* MainGamesViewController.swift */; };
		0566589C251F7CBC00BE8E4F /* GalleryCollectionViewCell.swift in Sources */ = {isa = PBXBuildFile; fileRef = 0566589B251F7CBC00BE8E4F /* GalleryCollectionViewCell.swift */; };
		0566589E251F7D3800BE8E4F /* ImageCat.swift in Sources */ = {isa = PBXBuildFile; fileRef = 0566589D251F7D3800BE8E4F /* ImageCat.swift */; };
		056658A0251F7F5900BE8E4F /* Game.swift in Sources */ = {isa = PBXBuildFile; fileRef = 0566589F251F7F5900BE8E4F /* Game.swift */; };
		056658A2251F861E00BE8E4F /* QuizViewController.swift in Sources */ = {isa = PBXBuildFile; fileRef = 056658A1251F861E00BE8E4F /* QuizViewController.swift */; };
		056658A4251F870900BE8E4F /* Extension + UIImageView.swift in Sources */ = {isa = PBXBuildFile; fileRef = 056658A3251F870900BE8E4F /* Extension + UIImageView.swift */; };
		058DF8F1251E3471005D5B05 /* BreedsViewController.swift in Sources */ = {isa = PBXBuildFile; fileRef = 058DF8F0251E3471005D5B05 /* BreedsViewController.swift */; };
		05E33F0E251E313E0024DC57 /* AppDelegate.swift in Sources */ = {isa = PBXBuildFile; fileRef = 05E33F0D251E313E0024DC57 /* AppDelegate.swift */; };
		05E33F10251E313E0024DC57 /* SceneDelegate.swift in Sources */ = {isa = PBXBuildFile; fileRef = 05E33F0F251E313E0024DC57 /* SceneDelegate.swift */; };
		05E33F15251E313E0024DC57 /* Main.storyboard in Resources */ = {isa = PBXBuildFile; fileRef = 05E33F13251E313E0024DC57 /* Main.storyboard */; };
		05E33F17251E31400024DC57 /* Assets.xcassets in Resources */ = {isa = PBXBuildFile; fileRef = 05E33F16251E31400024DC57 /* Assets.xcassets */; };
		05E33F1A251E31400024DC57 /* LaunchScreen.storyboard in Resources */ = {isa = PBXBuildFile; fileRef = 05E33F18251E31400024DC57 /* LaunchScreen.storyboard */; };
/* End PBXBuildFile section */

/* Begin PBXFileReference section */
		05281680251E70DC00DCDAD9 /* Breed.swift */ = {isa = PBXFileReference; lastKnownFileType = sourcecode.swift; path = Breed.swift; sourceTree = "<group>"; };
		05281682251E712800DCDAD9 /* NetworkCatsManager.swift */ = {isa = PBXFileReference; lastKnownFileType = sourcecode.swift; path = NetworkCatsManager.swift; sourceTree = "<group>"; };
		05281684251E716100DCDAD9 /* Constant.swift */ = {isa = PBXFileReference; lastKnownFileType = sourcecode.swift; path = Constant.swift; sourceTree = "<group>"; };
		05665898251F792900BE8E4F /* MainGamesViewController.swift */ = {isa = PBXFileReference; lastKnownFileType = sourcecode.swift; path = MainGamesViewController.swift; sourceTree = "<group>"; };
		0566589B251F7CBC00BE8E4F /* GalleryCollectionViewCell.swift */ = {isa = PBXFileReference; lastKnownFileType = sourcecode.swift; path = GalleryCollectionViewCell.swift; sourceTree = "<group>"; };
		0566589D251F7D3800BE8E4F /* ImageCat.swift */ = {isa = PBXFileReference; lastKnownFileType = sourcecode.swift; path = ImageCat.swift; sourceTree = "<group>"; };
		0566589F251F7F5900BE8E4F /* Game.swift */ = {isa = PBXFileReference; lastKnownFileType = sourcecode.swift; path = Game.swift; sourceTree = "<group>"; };
		056658A1251F861E00BE8E4F /* QuizViewController.swift */ = {isa = PBXFileReference; lastKnownFileType = sourcecode.swift; path = QuizViewController.swift; sourceTree = "<group>"; };
		056658A3251F870900BE8E4F /* Extension + UIImageView.swift */ = {isa = PBXFileReference; lastKnownFileType = sourcecode.swift; path = "Extension + UIImageView.swift"; sourceTree = "<group>"; };
		058DF8F0251E3471005D5B05 /* BreedsViewController.swift */ = {isa = PBXFileReference; lastKnownFileType = sourcecode.swift; path = BreedsViewController.swift; sourceTree = "<group>"; };
		05E33F0A251E313E0024DC57 /* Cats.app */ = {isa = PBXFileReference; explicitFileType = wrapper.application; includeInIndex = 0; path = Cats.app; sourceTree = BUILT_PRODUCTS_DIR; };
		05E33F0D251E313E0024DC57 /* AppDelegate.swift */ = {isa = PBXFileReference; lastKnownFileType = sourcecode.swift; path = AppDelegate.swift; sourceTree = "<group>"; };
		05E33F0F251E313E0024DC57 /* SceneDelegate.swift */ = {isa = PBXFileReference; lastKnownFileType = sourcecode.swift; path = SceneDelegate.swift; sourceTree = "<group>"; };
		05E33F14251E313E0024DC57 /* Base */ = {isa = PBXFileReference; lastKnownFileType = file.storyboard; name = Base; path = Base.lproj/Main.storyboard; sourceTree = "<group>"; };
		05E33F16251E31400024DC57 /* Assets.xcassets */ = {isa = PBXFileReference; lastKnownFileType = folder.assetcatalog; path = Assets.xcassets; sourceTree = "<group>"; };
		05E33F19251E31400024DC57 /* Base */ = {isa = PBXFileReference; lastKnownFileType = file.storyboard; name = Base; path = Base.lproj/LaunchScreen.storyboard; sourceTree = "<group>"; };
		05E33F1B251E31400024DC57 /* Info.plist */ = {isa = PBXFileReference; lastKnownFileType = text.plist.xml; path = Info.plist; sourceTree = "<group>"; };
/* End PBXFileReference section */

/* Begin PBXFrameworksBuildPhase section */
		05E33F07251E313E0024DC57 /* Frameworks */ = {
			isa = PBXFrameworksBuildPhase;
			buildActionMask = 2147483647;
			files = (
			);
			runOnlyForDeploymentPostprocessing = 0;
		};
/* End PBXFrameworksBuildPhase section */

/* Begin PBXGroup section */
		05665897251F790100BE8E4F /* Games Controllers */ = {
			isa = PBXGroup;
			children = (
				05665898251F792900BE8E4F /* MainGamesViewController.swift */,
				056658A1251F861E00BE8E4F /* QuizViewController.swift */,
			);
			name = "Games Controllers";
			sourceTree = "<group>";
		};
		0566589A251F7C7B00BE8E4F /* Gallery Collection View */ = {
			isa = PBXGroup;
			children = (
				0566589B251F7CBC00BE8E4F /* GalleryCollectionViewCell.swift */,
			);
			name = "Gallery Collection View";
			sourceTree = "<group>";
		};
		058DF8EF251E3442005D5B05 /* Breeds Controllers */ = {
			isa = PBXGroup;
			children = (
				058DF8F0251E3471005D5B05 /* BreedsViewController.swift */,
			);
			path = "Breeds Controllers";
			sourceTree = "<group>";
		};
		05E33F01251E313E0024DC57 = {
			isa = PBXGroup;
			children = (
				05E33F0C251E313E0024DC57 /* Cats */,
				05E33F0B251E313E0024DC57 /* Products */,
			);
			sourceTree = "<group>";
		};
		05E33F0B251E313E0024DC57 /* Products */ = {
			isa = PBXGroup;
			children = (
				05E33F0A251E313E0024DC57 /* Cats.app */,
			);
			name = Products;
			sourceTree = "<group>";
		};
		05E33F0C251E313E0024DC57 /* Cats */ = {
			isa = PBXGroup;
			children = (
				05E33F24251E31D70024DC57 /* Models */,
				05E33F22251E31AC0024DC57 /* Views */,
				05E33F26251E31ED0024DC57 /* View Controllers */,
				05E33F25251E31E20024DC57 /* Extension */,
				05E33F21251E318F0024DC57 /* Support Files */,
			);
			path = Cats;
			sourceTree = "<group>";
		};
		05E33F21251E318F0024DC57 /* Support Files */ = {
			isa = PBXGroup;
			children = (
				05E33F0D251E313E0024DC57 /* AppDelegate.swift */,
				05E33F0F251E313E0024DC57 /* SceneDelegate.swift */,
				05E33F16251E31400024DC57 /* Assets.xcassets */,
				05E33F1B251E31400024DC57 /* Info.plist */,
				05281684251E716100DCDAD9 /* Constant.swift */,
			);
			path = "Support Files";
			sourceTree = "<group>";
		};
		05E33F22251E31AC0024DC57 /* Views */ = {
			isa = PBXGroup;
			children = (
				05E33F23251E31BA0024DC57 /* Storyboard */,
				0566589A251F7C7B00BE8E4F /* Gallery Collection View */,
			);
			path = Views;
			sourceTree = "<group>";
		};
		05E33F23251E31BA0024DC57 /* Storyboard */ = {
			isa = PBXGroup;
			children = (
				05E33F13251E313E0024DC57 /* Main.storyboard */,
				05E33F18251E31400024DC57 /* LaunchScreen.storyboard */,
			);
			path = Storyboard;
			sourceTree = "<group>";
		};
		05E33F24251E31D70024DC57 /* Models */ = {
			isa = PBXGroup;
			children = (
				05281680251E70DC00DCDAD9 /* Breed.swift */,
				0566589D251F7D3800BE8E4F /* ImageCat.swift */,
				05281682251E712800DCDAD9 /* NetworkCatsManager.swift */,
				0566589F251F7F5900BE8E4F /* Game.swift */,
			);
			name = Models;
			sourceTree = "<group>";
		};
		05E33F25251E31E20024DC57 /* Extension */ = {
			isa = PBXGroup;
			children = (
				056658A3251F870900BE8E4F /* Extension + UIImageView.swift */,
			);
			name = Extension;
			sourceTree = "<group>";
		};
		05E33F26251E31ED0024DC57 /* View Controllers */ = {
			isa = PBXGroup;
			children = (
				058DF8EF251E3442005D5B05 /* Breeds Controllers */,
				05665897251F790100BE8E4F /* Games Controllers */,
			);
			name = "View Controllers";
			sourceTree = "<group>";
		};
/* End PBXGroup section */

/* Begin PBXNativeTarget section */
		05E33F09251E313E0024DC57 /* Cats */ = {
			isa = PBXNativeTarget;
			buildConfigurationList = 05E33F1E251E31400024DC57 /* Build configuration list for PBXNativeTarget "Cats" */;
			buildPhases = (
				05E33F06251E313E0024DC57 /* Sources */,
				05E33F07251E313E0024DC57 /* Frameworks */,
				05E33F08251E313E0024DC57 /* Resources */,
			);
			buildRules = (
			);
			dependencies = (
			);
			name = Cats;
			productName = Cats;
			productReference = 05E33F0A251E313E0024DC57 /* Cats.app */;
			productType = "com.apple.product-type.application";
		};
/* End PBXNativeTarget section */

/* Begin PBXProject section */
		05E33F02251E313E0024DC57 /* Project object */ = {
			isa = PBXProject;
			attributes = {
				LastSwiftUpdateCheck = 1170;
				LastUpgradeCheck = 1170;
				ORGANIZATIONNAME = Romko;
				TargetAttributes = {
					05E33F09251E313E0024DC57 = {
						CreatedOnToolsVersion = 11.7;
					};
				};
			};
			buildConfigurationList = 05E33F05251E313E0024DC57 /* Build configuration list for PBXProject "Cats" */;
			compatibilityVersion = "Xcode 9.3";
			developmentRegion = en;
			hasScannedForEncodings = 0;
			knownRegions = (
				en,
				Base,
			);
			mainGroup = 05E33F01251E313E0024DC57;
			productRefGroup = 05E33F0B251E313E0024DC57 /* Products */;
			projectDirPath = "";
			projectRoot = "";
			targets = (
				05E33F09251E313E0024DC57 /* Cats */,
			);
		};
/* End PBXProject section */

/* Begin PBXResourcesBuildPhase section */
		05E33F08251E313E0024DC57 /* Resources */ = {
			isa = PBXResourcesBuildPhase;
			buildActionMask = 2147483647;
			files = (
				05E33F1A251E31400024DC57 /* LaunchScreen.storyboard in Resources */,
				05E33F17251E31400024DC57 /* Assets.xcassets in Resources */,
				05E33F15251E313E0024DC57 /* Main.storyboard in Resources */,
			);
			runOnlyForDeploymentPostprocessing = 0;
		};
/* End PBXResourcesBuildPhase section */

/* Begin PBXSourcesBuildPhase section */
		05E33F06251E313E0024DC57 /* Sources */ = {
			isa = PBXSourcesBuildPhase;
			buildActionMask = 2147483647;
			files = (
				05665899251F792900BE8E4F /* MainGamesViewController.swift in Sources */,
				0566589C251F7CBC00BE8E4F /* GalleryCollectionViewCell.swift in Sources */,
				05281681251E70DC00DCDAD9 /* Breed.swift in Sources */,
				056658A0251F7F5900BE8E4F /* Game.swift in Sources */,
				05281683251E712800DCDAD9 /* NetworkCatsManager.swift in Sources */,
				0566589E251F7D3800BE8E4F /* ImageCat.swift in Sources */,
				05E33F0E251E313E0024DC57 /* AppDelegate.swift in Sources */,
				056658A2251F861E00BE8E4F /* QuizViewController.swift in Sources */,
				056658A4251F870900BE8E4F /* Extension + UIImageView.swift in Sources */,
				058DF8F1251E3471005D5B05 /* BreedsViewController.swift in Sources */,
				05E33F10251E313E0024DC57 /* SceneDelegate.swift in Sources */,
				05281685251E716100DCDAD9 /* Constant.swift in Sources */,
			);
			runOnlyForDeploymentPostprocessing = 0;
		};
/* End PBXSourcesBuildPhase section */

/* Begin PBXVariantGroup section */
		05E33F13251E313E0024DC57 /* Main.storyboard */ = {
			isa = PBXVariantGroup;
			children = (
				05E33F14251E313E0024DC57 /* Base */,
			);
			name = Main.storyboard;
			sourceTree = "<group>";
		};
		05E33F18251E31400024DC57 /* LaunchScreen.storyboard */ = {
			isa = PBXVariantGroup;
			children = (
				05E33F19251E31400024DC57 /* Base */,
			);
			name = LaunchScreen.storyboard;
			sourceTree = "<group>";
		};
/* End PBXVariantGroup section */

/* Begin XCBuildConfiguration section */
		05E33F1C251E31400024DC57 /* Debug */ = {
			isa = XCBuildConfiguration;
			buildSettings = {
				ALWAYS_SEARCH_USER_PATHS = NO;
				CLANG_ANALYZER_NONNULL = YES;
				CLANG_ANALYZER_NUMBER_OBJECT_CONVERSION = YES_AGGRESSIVE;
				CLANG_CXX_LANGUAGE_STANDARD = "gnu++14";
				CLANG_CXX_LIBRARY = "libc++";
				CLANG_ENABLE_MODULES = YES;
				CLANG_ENABLE_OBJC_ARC = YES;
				CLANG_ENABLE_OBJC_WEAK = YES;
				CLANG_WARN_BLOCK_CAPTURE_AUTORELEASING = YES;
				CLANG_WARN_BOOL_CONVERSION = YES;
				CLANG_WARN_COMMA = YES;
				CLANG_WARN_CONSTANT_CONVERSION = YES;
				CLANG_WARN_DEPRECATED_OBJC_IMPLEMENTATIONS = YES;
				CLANG_WARN_DIRECT_OBJC_ISA_USAGE = YES_ERROR;
				CLANG_WARN_DOCUMENTATION_COMMENTS = YES;
				CLANG_WARN_EMPTY_BODY = YES;
				CLANG_WARN_ENUM_CONVERSION = YES;
				CLANG_WARN_INFINITE_RECURSION = YES;
				CLANG_WARN_INT_CONVERSION = YES;
				CLANG_WARN_NON_LITERAL_NULL_CONVERSION = YES;
				CLANG_WARN_OBJC_IMPLICIT_RETAIN_SELF = YES;
				CLANG_WARN_OBJC_LITERAL_CONVERSION = YES;
				CLANG_WARN_OBJC_ROOT_CLASS = YES_ERROR;
				CLANG_WARN_RANGE_LOOP_ANALYSIS = YES;
				CLANG_WARN_STRICT_PROTOTYPES = YES;
				CLANG_WARN_SUSPICIOUS_MOVE = YES;
				CLANG_WARN_UNGUARDED_AVAILABILITY = YES_AGGRESSIVE;
				CLANG_WARN_UNREACHABLE_CODE = YES;
				CLANG_WARN__DUPLICATE_METHOD_MATCH = YES;
				COPY_PHASE_STRIP = NO;
				DEBUG_INFORMATION_FORMAT = dwarf;
				ENABLE_STRICT_OBJC_MSGSEND = YES;
				ENABLE_TESTABILITY = YES;
				GCC_C_LANGUAGE_STANDARD = gnu11;
				GCC_DYNAMIC_NO_PIC = NO;
				GCC_NO_COMMON_BLOCKS = YES;
				GCC_OPTIMIZATION_LEVEL = 0;
				GCC_PREPROCESSOR_DEFINITIONS = (
					"DEBUG=1",
					"$(inherited)",
				);
				GCC_WARN_64_TO_32_BIT_CONVERSION = YES;
				GCC_WARN_ABOUT_RETURN_TYPE = YES_ERROR;
				GCC_WARN_UNDECLARED_SELECTOR = YES;
				GCC_WARN_UNINITIALIZED_AUTOS = YES_AGGRESSIVE;
				GCC_WARN_UNUSED_FUNCTION = YES;
				GCC_WARN_UNUSED_VARIABLE = YES;
				IPHONEOS_DEPLOYMENT_TARGET = 13.7;
				MTL_ENABLE_DEBUG_INFO = INCLUDE_SOURCE;
				MTL_FAST_MATH = YES;
				ONLY_ACTIVE_ARCH = YES;
				SDKROOT = iphoneos;
				SWIFT_ACTIVE_COMPILATION_CONDITIONS = DEBUG;
				SWIFT_OPTIMIZATION_LEVEL = "-Onone";
			};
			name = Debug;
		};
		05E33F1D251E31400024DC57 /* Release */ = {
			isa = XCBuildConfiguration;
			buildSettings = {
				ALWAYS_SEARCH_USER_PATHS = NO;
				CLANG_ANALYZER_NONNULL = YES;
				CLANG_ANALYZER_NUMBER_OBJECT_CONVERSION = YES_AGGRESSIVE;
				CLANG_CXX_LANGUAGE_STANDARD = "gnu++14";
				CLANG_CXX_LIBRARY = "libc++";
				CLANG_ENABLE_MODULES = YES;
				CLANG_ENABLE_OBJC_ARC = YES;
				CLANG_ENABLE_OBJC_WEAK = YES;
				CLANG_WARN_BLOCK_CAPTURE_AUTORELEASING = YES;
				CLANG_WARN_BOOL_CONVERSION = YES;
				CLANG_WARN_COMMA = YES;
				CLANG_WARN_CONSTANT_CONVERSION = YES;
				CLANG_WARN_DEPRECATED_OBJC_IMPLEMENTATIONS = YES;
				CLANG_WARN_DIRECT_OBJC_ISA_USAGE = YES_ERROR;
				CLANG_WARN_DOCUMENTATION_COMMENTS = YES;
				CLANG_WARN_EMPTY_BODY = YES;
				CLANG_WARN_ENUM_CONVERSION = YES;
				CLANG_WARN_INFINITE_RECURSION = YES;
				CLANG_WARN_INT_CONVERSION = YES;
				CLANG_WARN_NON_LITERAL_NULL_CONVERSION = YES;
				CLANG_WARN_OBJC_IMPLICIT_RETAIN_SELF = YES;
				CLANG_WARN_OBJC_LITERAL_CONVERSION = YES;
				CLANG_WARN_OBJC_ROOT_CLASS = YES_ERROR;
				CLANG_WARN_RANGE_LOOP_ANALYSIS = YES;
				CLANG_WARN_STRICT_PROTOTYPES = YES;
				CLANG_WARN_SUSPICIOUS_MOVE = YES;
				CLANG_WARN_UNGUARDED_AVAILABILITY = YES_AGGRESSIVE;
				CLANG_WARN_UNREACHABLE_CODE = YES;
				CLANG_WARN__DUPLICATE_METHOD_MATCH = YES;
				COPY_PHASE_STRIP = NO;
				DEBUG_INFORMATION_FORMAT = "dwarf-with-dsym";
				ENABLE_NS_ASSERTIONS = NO;
				ENABLE_STRICT_OBJC_MSGSEND = YES;
				GCC_C_LANGUAGE_STANDARD = gnu11;
				GCC_NO_COMMON_BLOCKS = YES;
				GCC_WARN_64_TO_32_BIT_CONVERSION = YES;
				GCC_WARN_ABOUT_RETURN_TYPE = YES_ERROR;
				GCC_WARN_UNDECLARED_SELECTOR = YES;
				GCC_WARN_UNINITIALIZED_AUTOS = YES_AGGRESSIVE;
				GCC_WARN_UNUSED_FUNCTION = YES;
				GCC_WARN_UNUSED_VARIABLE = YES;
				IPHONEOS_DEPLOYMENT_TARGET = 13.7;
				MTL_ENABLE_DEBUG_INFO = NO;
				MTL_FAST_MATH = YES;
				SDKROOT = iphoneos;
				SWIFT_COMPILATION_MODE = wholemodule;
				SWIFT_OPTIMIZATION_LEVEL = "-O";
				VALIDATE_PRODUCT = YES;
			};
			name = Release;
		};
		05E33F1F251E31400024DC57 /* Debug */ = {
			isa = XCBuildConfiguration;
			buildSettings = {
				ASSETCATALOG_COMPILER_APPICON_NAME = AppIcon;
				CODE_SIGN_STYLE = Automatic;
				DEVELOPMENT_TEAM = W4HUL48H62;
				INFOPLIST_FILE = "Cats/Support Files/Info.plist";
				IPHONEOS_DEPLOYMENT_TARGET = 13.5;
				LD_RUNPATH_SEARCH_PATHS = (
					"$(inherited)",
					"@executable_path/Frameworks",
				);
				PRODUCT_BUNDLE_IDENTIFIER = kro.Cats;
				PRODUCT_NAME = "$(TARGET_NAME)";
				SWIFT_VERSION = 5.0;
				TARGETED_DEVICE_FAMILY = 1;
			};
			name = Debug;
		};
		05E33F20251E31400024DC57 /* Release */ = {
			isa = XCBuildConfiguration;
			buildSettings = {
				ASSETCATALOG_COMPILER_APPICON_NAME = AppIcon;
				CODE_SIGN_STYLE = Automatic;
				DEVELOPMENT_TEAM = W4HUL48H62;
				INFOPLIST_FILE = "Cats/Support Files/Info.plist";
				IPHONEOS_DEPLOYMENT_TARGET = 13.5;
				LD_RUNPATH_SEARCH_PATHS = (
					"$(inherited)",
					"@executable_path/Frameworks",
				);
				PRODUCT_BUNDLE_IDENTIFIER = kro.Cats;
				PRODUCT_NAME = "$(TARGET_NAME)";
				SWIFT_VERSION = 5.0;
				TARGETED_DEVICE_FAMILY = 1;
			};
			name = Release;
		};
/* End XCBuildConfiguration section */

/* Begin XCConfigurationList section */
		05E33F05251E313E0024DC57 /* Build configuration list for PBXProject "Cats" */ = {
			isa = XCConfigurationList;
			buildConfigurations = (
				05E33F1C251E31400024DC57 /* Debug */,
				05E33F1D251E31400024DC57 /* Release */,
			);
			defaultConfigurationIsVisible = 0;
			defaultConfigurationName = Release;
		};
		05E33F1E251E31400024DC57 /* Build configuration list for PBXNativeTarget "Cats" */ = {
			isa = XCConfigurationList;
			buildConfigurations = (
				05E33F1F251E31400024DC57 /* Debug */,
				05E33F20251E31400024DC57 /* Release */,
			);
			defaultConfigurationIsVisible = 0;
			defaultConfigurationName = Release;
		};
/* End XCConfigurationList section */
	};
	rootObject = 05E33F02251E313E0024DC57 /* Project object */;
}
